
Microsoft Visual Studio Solution File, Format Version 12.00
# Visual Studio 15
VisualStudioVersion = 15.0.28010.2036
MinimumVisualStudioVersion = 10.0.40219.1
Project("{FAE04EC0-301F-11D3-BF4B-00C04F79EFBC}") = "Hello", "Hello\Hello.csproj", "{F6D22E84-D8E9-445A-B658-4521242AB20A}"
EndProject
Global
	GlobalSection(SolutionConfigurationPlatforms) = preSolution
		Debug|Any CPU = Debug|Any CPU
		Release|Any CPU = Release|Any CPU
	EndGlobalSection
	GlobalSection(ProjectConfigurationPlatforms) = postSolution
		{F6D22E84-D8E9-445A-B658-4521242AB20A}.Debug|Any CPU.ActiveCfg = Debug|Any CPU
		{F6D22E84-D8E9-445A-B658-4521242AB20A}.Debug|Any CPU.Build.0 = Debug|Any CPU
		{F6D22E84-D8E9-445A-B658-4521242AB20A}.Release|Any CPU.ActiveCfg = Release|Any CPU
		{F6D22E84-D8E9-445A-B658-4521242AB20A}.Release|Any CPU.Build.0 = Release|Any CPU
	EndGlobalSection
	GlobalSection(SolutionProperties) = preSolution
		HideSolutionNode = FALSE
	EndGlobalSection
	GlobalSection(ExtensibilityGlobals) = postSolution
		SolutionGuid = {3DFF57C4-B973-4516-B57A-6FDFB460A4D2}
	EndGlobalSection
EndGlobal
